
Microsoft Visual Studio Solution File, Format Version 12.00
# Visual Studio Version 17
VisualStudioVersion = 17.13.35818.85 d17.13
MinimumVisualStudioVersion = 10.0.40219.1
Project("{FAE04EC0-301F-11D3-BF4B-00C04F79EFBC}") = "AdvertisingService", "AdvertisingService.csproj", "{9286B5A1-D61A-412E-B030-181CAFFE2300}"
EndProject
Global
	GlobalSection(SolutionConfigurationPlatforms) = preSolution
		Debug|Any CPU = Debug|Any CPU
		Release|Any CPU = Release|Any CPU
	EndGlobalSection
	GlobalSection(ProjectConfigurationPlatforms) = postSolution
		{9286B5A1-D61A-412E-B030-181CAFFE2300}.Debug|Any CPU.ActiveCfg = Debug|Any CPU
		{9286B5A1-D61A-412E-B030-181CAFFE2300}.Debug|Any CPU.Build.0 = Debug|Any CPU
		{9286B5A1-D61A-412E-B030-181CAFFE2300}.Release|Any CPU.ActiveCfg = Release|Any CPU
		{9286B5A1-D61A-412E-B030-181CAFFE2300}.Release|Any CPU.Build.0 = Release|Any CPU
	EndGlobalSection
	GlobalSection(SolutionProperties) = preSolution
		HideSolutionNode = FALSE
	EndGlobalSection
	GlobalSection(ExtensibilityGlobals) = postSolution
		SolutionGuid = {C834D62C-9BD5-4A32-B602-AA189A282CCD}
	EndGlobalSection
EndGlobal
